
Microsoft Visual Studio Solution File, Format Version 12.00
# Visual Studio Version 17
VisualStudioVersion = 17.0.31903.59
MinimumVisualStudioVersion = 10.0.40219.1
Project("{FAE04EC0-301F-11D3-BF4B-00C04F79EFBC}") = "CoseSign1", "CoseSign1\CoseSign1.csproj", "{D0BDA122-D03D-46F4-9ADD-D66D2F71DB03}"
EndProject
Project("{FAE04EC0-301F-11D3-BF4B-00C04F79EFBC}") = "CoseSign1.Abstractions", "CoseSign1.Abstractions\CoseSign1.Abstractions.csproj", "{0838A28D-CF9B-49D9-ADD6-B927EDF0643A}"
EndProject
Project("{FAE04EC0-301F-11D3-BF4B-00C04F79EFBC}") = "CoseSign1.Validation", "CoseSign1.Validation\CoseSign1.Validation.csproj", "{851D4F90-9FF8-40FF-B11A-89C410D51875}"
EndProject
Project("{FAE04EC0-301F-11D3-BF4B-00C04F79EFBC}") = "CoseSign1.Certificates", "CoseSign1.Certificates\CoseSign1.Certificates.csproj", "{CDF51650-8725-4D33-8F91-8CE94C6B81E8}"
EndProject
Project("{FAE04EC0-301F-11D3-BF4B-00C04F79EFBC}") = "CoseSign1.Headers", "CoseSign1.Headers\CoseSign1.Headers.csproj", "{06112F73-A08F-4EDC-BE43-0B34B8893689}"
EndProject
Project("{FAE04EC0-301F-11D3-BF4B-00C04F79EFBC}") = "DIDx509", "DIDx509\DIDx509.csproj", "{52206F46-512A-449C-953C-3EDA9337D800}"
EndProject
Project("{FAE04EC0-301F-11D3-BF4B-00C04F79EFBC}") = "CoseSign1.Transparent.MST", "CoseSign1.Transparent.MST\CoseSign1.Transparent.MST.csproj", "{D51E78C8-93AE-4C70-A46D-17C1919B42FB}"
EndProject
Project("{FAE04EC0-301F-11D3-BF4B-00C04F79EFBC}") = "CoseSign1.Tests.Common", "CoseSign1.Tests.Common\CoseSign1.Tests.Common.csproj", "{5FA98651-7DC1-4A4C-84E7-966DE4945C21}"
EndProject
Project("{FAE04EC0-301F-11D3-BF4B-00C04F79EFBC}") = "CoseSign1.Certificates.AzureTrustedSigning", "CoseSign1.Certificates.AzureTrustedSigning\CoseSign1.Certificates.AzureTrustedSigning.csproj", "{54608817-4856-47D3-8657-39E1DEAC64DF}"
EndProject
Project("{FAE04EC0-301F-11D3-BF4B-00C04F79EFBC}") = "CoseSign1.Abstractions.Tests", "CoseSign1.Abstractions.Tests\CoseSign1.Abstractions.Tests.csproj", "{517D6541-5028-4E38-881E-5FE86928D437}"
EndProject
Project("{FAE04EC0-301F-11D3-BF4B-00C04F79EFBC}") = "CoseSign1.Certificates.Tests", "CoseSign1.Certificates.Tests\CoseSign1.Certificates.Tests.csproj", "{68536D66-07CE-44D2-819B-F72D991CC1C0}"
EndProject
Project("{FAE04EC0-301F-11D3-BF4B-00C04F79EFBC}") = "CoseSign1.Headers.Tests", "CoseSign1.Headers.Tests\CoseSign1.Headers.Tests.csproj", "{F6FDDACD-8129-4C6D-9E75-0621C6AE4F71}"
EndProject
Project("{FAE04EC0-301F-11D3-BF4B-00C04F79EFBC}") = "CoseSign1.Tests", "CoseSign1.Tests\CoseSign1.Tests.csproj", "{9F90C146-19B3-4601-8539-48062F640A3D}"
EndProject
Project("{FAE04EC0-301F-11D3-BF4B-00C04F79EFBC}") = "CoseSign1.Validation.Tests", "CoseSign1.Validation.Tests\CoseSign1.Validation.Tests.csproj", "{8DB80D63-A68D-4E4D-AD01-145F2CDD1678}"
EndProject
Project("{FAE04EC0-301F-11D3-BF4B-00C04F79EFBC}") = "DIDx509.Tests", "DIDx509.Tests\DIDx509.Tests.csproj", "{7FDAE1FF-E687-466D-8936-EBA12A5156DB}"
EndProject
Project("{FAE04EC0-301F-11D3-BF4B-00C04F79EFBC}") = "CoseSign1.Integration.Tests", "CoseSign1.Integration.Tests\CoseSign1.Integration.Tests.csproj", "{B155880F-DB12-4BB8-BB3D-CD3C8B194F01}"
EndProject
Project("{FAE04EC0-301F-11D3-BF4B-00C04F79EFBC}") = "CoseSignTool", "CoseSignTool\CoseSignTool.csproj", "{DE73A57E-DF81-4BE6-81B4-6DE74FDE6216}"
EndProject
Project("{FAE04EC0-301F-11D3-BF4B-00C04F79EFBC}") = "CoseSignTool.Tests", "CoseSignTool.Tests\CoseSignTool.Tests.csproj", "{9D2B86B1-0F45-4C2B-A2D9-A1B2BFAD773B}"
EndProject
Project("{FAE04EC0-301F-11D3-BF4B-00C04F79EFBC}") = "CoseSign1.Transparent.MST.Tests", "CoseSign1.Transparent.MST.Tests\CoseSign1.Transparent.MST.Tests.csproj", "{602383C7-623B-4C7E-B69A-004853474F87}"
EndProject
Project("{FAE04EC0-301F-11D3-BF4B-00C04F79EFBC}") = "CoseSignTool.AzureTrustedSigning.Plugin", "CoseSignTool.AzureTrustedSigning.Plugin\CoseSignTool.AzureTrustedSigning.Plugin.csproj", "{A4F99DA6-DCE4-4CCD-AF19-4EA6348972FC}"
EndProject
Project("{FAE04EC0-301F-11D3-BF4B-00C04F79EFBC}") = "CoseSignTool.Local.Plugin", "CoseSignTool.Local.Plugin\CoseSignTool.Local.Plugin.csproj", "{8F0F751F-6DA6-4841-931C-2FAD6C1F31FA}"
EndProject
Project("{FAE04EC0-301F-11D3-BF4B-00C04F79EFBC}") = "CoseSignTool.MST.Plugin", "CoseSignTool.MST.Plugin\CoseSignTool.MST.Plugin.csproj", "{CBF980BD-7C04-4F55-AA09-D76EBF3AA1DF}"
EndProject
Project("{FAE04EC0-301F-11D3-BF4B-00C04F79EFBC}") = "CoseSignTool.Local.Plugin.Tests", "CoseSignTool.Local.Plugin.Tests\CoseSignTool.Local.Plugin.Tests.csproj", "{624FF73E-38C4-46FE-8345-6CD6B70E7FC5}"
EndProject
Project("{FAE04EC0-301F-11D3-BF4B-00C04F79EFBC}") = "CoseSignTool.AzureTrustedSigning.Plugin.Tests", "CoseSignTool.AzureTrustedSigning.Plugin.Tests\CoseSignTool.AzureTrustedSigning.Plugin.Tests.csproj", "{6C517F24-7F5E-4D3D-AD24-63BEE623E9E8}"
EndProject
Project("{FAE04EC0-301F-11D3-BF4B-00C04F79EFBC}") = "CoseSignTool.MST.Plugin.Tests", "CoseSignTool.MST.Plugin.Tests\CoseSignTool.MST.Plugin.Tests.csproj", "{AB136CBA-A532-4350-927B-283334B42299}"
EndProject
Project("{FAE04EC0-301F-11D3-BF4B-00C04F79EFBC}") = "CoseSignTool.Abstractions", "CoseSignTool.Abstractions\CoseSignTool.Abstractions.csproj", "{432D3E2C-FCFB-4732-84B6-0B83D85A28A9}"
EndProject
Project("{FAE04EC0-301F-11D3-BF4B-00C04F79EFBC}") = "CoseSign1.Certificates.Local", "CoseSign1.Certificates.Local\CoseSign1.Certificates.Local.csproj", "{82B44C73-408A-4CCE-8FDF-7229631C2518}"
EndProject
Project("{FAE04EC0-301F-11D3-BF4B-00C04F79EFBC}") = "CoseSign1.Certificates.Local.Tests", "CoseSign1.Certificates.Local.Tests\CoseSign1.Certificates.Local.Tests.csproj", "{F70E527C-4F6F-4AF6-B8DE-3E5343A85870}"
EndProject
Project("{FAE04EC0-301F-11D3-BF4B-00C04F79EFBC}") = "CoseSignTool.Abstractions.Tests", "CoseSignTool.Abstractions.Tests\CoseSignTool.Abstractions.Tests.csproj", "{9A683A9A-D938-4D30-93B3-1948DCCCD9FC}"
EndProject
Global
	GlobalSection(SolutionConfigurationPlatforms) = preSolution
		Debug|Any CPU = Debug|Any CPU
		Debug|x64 = Debug|x64
		Debug|x86 = Debug|x86
		Release|Any CPU = Release|Any CPU
		Release|x64 = Release|x64
		Release|x86 = Release|x86
	EndGlobalSection
	GlobalSection(ProjectConfigurationPlatforms) = postSolution
		{D0BDA122-D03D-46F4-9ADD-D66D2F71DB03}.Debug|Any CPU.ActiveCfg = Debug|Any CPU
		{D0BDA122-D03D-46F4-9ADD-D66D2F71DB03}.Debug|Any CPU.Build.0 = Debug|Any CPU
		{D0BDA122-D03D-46F4-9ADD-D66D2F71DB03}.Debug|x64.ActiveCfg = Debug|Any CPU
		{D0BDA122-D03D-46F4-9ADD-D66D2F71DB03}.Debug|x64.Build.0 = Debug|Any CPU
		{D0BDA122-D03D-46F4-9ADD-D66D2F71DB03}.Debug|x86.ActiveCfg = Debug|Any CPU
		{D0BDA122-D03D-46F4-9ADD-D66D2F71DB03}.Debug|x86.Build.0 = Debug|Any CPU
		{D0BDA122-D03D-46F4-9ADD-D66D2F71DB03}.Release|Any CPU.ActiveCfg = Release|Any CPU
		{D0BDA122-D03D-46F4-9ADD-D66D2F71DB03}.Release|Any CPU.Build.0 = Release|Any CPU
		{D0BDA122-D03D-46F4-9ADD-D66D2F71DB03}.Release|x64.ActiveCfg = Release|Any CPU
		{D0BDA122-D03D-46F4-9ADD-D66D2F71DB03}.Release|x64.Build.0 = Release|Any CPU
		{D0BDA122-D03D-46F4-9ADD-D66D2F71DB03}.Release|x86.ActiveCfg = Release|Any CPU
		{D0BDA122-D03D-46F4-9ADD-D66D2F71DB03}.Release|x86.Build.0 = Release|Any CPU
		{0838A28D-CF9B-49D9-ADD6-B927EDF0643A}.Debug|Any CPU.ActiveCfg = Debug|Any CPU
		{0838A28D-CF9B-49D9-ADD6-B927EDF0643A}.Debug|Any CPU.Build.0 = Debug|Any CPU
		{0838A28D-CF9B-49D9-ADD6-B927EDF0643A}.Debug|x64.ActiveCfg = Debug|Any CPU
		{0838A28D-CF9B-49D9-ADD6-B927EDF0643A}.Debug|x64.Build.0 = Debug|Any CPU
		{0838A28D-CF9B-49D9-ADD6-B927EDF0643A}.Debug|x86.ActiveCfg = Debug|Any CPU
		{0838A28D-CF9B-49D9-ADD6-B927EDF0643A}.Debug|x86.Build.0 = Debug|Any CPU
		{0838A28D-CF9B-49D9-ADD6-B927EDF0643A}.Release|Any CPU.ActiveCfg = Release|Any CPU
		{0838A28D-CF9B-49D9-ADD6-B927EDF0643A}.Release|Any CPU.Build.0 = Release|Any CPU
		{0838A28D-CF9B-49D9-ADD6-B927EDF0643A}.Release|x64.ActiveCfg = Release|Any CPU
		{0838A28D-CF9B-49D9-ADD6-B927EDF0643A}.Release|x64.Build.0 = Release|Any CPU
		{0838A28D-CF9B-49D9-ADD6-B927EDF0643A}.Release|x86.ActiveCfg = Release|Any CPU
		{0838A28D-CF9B-49D9-ADD6-B927EDF0643A}.Release|x86.Build.0 = Release|Any CPU
		{851D4F90-9FF8-40FF-B11A-89C410D51875}.Debug|Any CPU.ActiveCfg = Debug|Any CPU
		{851D4F90-9FF8-40FF-B11A-89C410D51875}.Debug|Any CPU.Build.0 = Debug|Any CPU
		{851D4F90-9FF8-40FF-B11A-89C410D51875}.Debug|x64.ActiveCfg = Debug|Any CPU
		{851D4F90-9FF8-40FF-B11A-89C410D51875}.Debug|x64.Build.0 = Debug|Any CPU
		{851D4F90-9FF8-40FF-B11A-89C410D51875}.Debug|x86.ActiveCfg = Debug|Any CPU
		{851D4F90-9FF8-40FF-B11A-89C410D51875}.Debug|x86.Build.0 = Debug|Any CPU
		{851D4F90-9FF8-40FF-B11A-89C410D51875}.Release|Any CPU.ActiveCfg = Release|Any CPU
		{851D4F90-9FF8-40FF-B11A-89C410D51875}.Release|Any CPU.Build.0 = Release|Any CPU
		{851D4F90-9FF8-40FF-B11A-89C410D51875}.Release|x64.ActiveCfg = Release|Any CPU
		{851D4F90-9FF8-40FF-B11A-89C410D51875}.Release|x64.Build.0 = Release|Any CPU
		{851D4F90-9FF8-40FF-B11A-89C410D51875}.Release|x86.ActiveCfg = Release|Any CPU
		{851D4F90-9FF8-40FF-B11A-89C410D51875}.Release|x86.Build.0 = Release|Any CPU
		{CDF51650-8725-4D33-8F91-8CE94C6B81E8}.Debug|Any CPU.ActiveCfg = Debug|Any CPU
		{CDF51650-8725-4D33-8F91-8CE94C6B81E8}.Debug|Any CPU.Build.0 = Debug|Any CPU
		{CDF51650-8725-4D33-8F91-8CE94C6B81E8}.Debug|x64.ActiveCfg = Debug|Any CPU
		{CDF51650-8725-4D33-8F91-8CE94C6B81E8}.Debug|x64.Build.0 = Debug|Any CPU
		{CDF51650-8725-4D33-8F91-8CE94C6B81E8}.Debug|x86.ActiveCfg = Debug|Any CPU
		{CDF51650-8725-4D33-8F91-8CE94C6B81E8}.Debug|x86.Build.0 = Debug|Any CPU
		{CDF51650-8725-4D33-8F91-8CE94C6B81E8}.Release|Any CPU.ActiveCfg = Release|Any CPU
		{CDF51650-8725-4D33-8F91-8CE94C6B81E8}.Release|Any CPU.Build.0 = Release|Any CPU
		{CDF51650-8725-4D33-8F91-8CE94C6B81E8}.Release|x64.ActiveCfg = Release|Any CPU
		{CDF51650-8725-4D33-8F91-8CE94C6B81E8}.Release|x64.Build.0 = Release|Any CPU
		{CDF51650-8725-4D33-8F91-8CE94C6B81E8}.Release|x86.ActiveCfg = Release|Any CPU
		{CDF51650-8725-4D33-8F91-8CE94C6B81E8}.Release|x86.Build.0 = Release|Any CPU
		{06112F73-A08F-4EDC-BE43-0B34B8893689}.Debug|Any CPU.ActiveCfg = Debug|Any CPU
		{06112F73-A08F-4EDC-BE43-0B34B8893689}.Debug|Any CPU.Build.0 = Debug|Any CPU
		{06112F73-A08F-4EDC-BE43-0B34B8893689}.Debug|x64.ActiveCfg = Debug|Any CPU
		{06112F73-A08F-4EDC-BE43-0B34B8893689}.Debug|x64.Build.0 = Debug|Any CPU
		{06112F73-A08F-4EDC-BE43-0B34B8893689}.Debug|x86.ActiveCfg = Debug|Any CPU
		{06112F73-A08F-4EDC-BE43-0B34B8893689}.Debug|x86.Build.0 = Debug|Any CPU
		{06112F73-A08F-4EDC-BE43-0B34B8893689}.Release|Any CPU.ActiveCfg = Release|Any CPU
		{06112F73-A08F-4EDC-BE43-0B34B8893689}.Release|Any CPU.Build.0 = Release|Any CPU
		{06112F73-A08F-4EDC-BE43-0B34B8893689}.Release|x64.ActiveCfg = Release|Any CPU
		{06112F73-A08F-4EDC-BE43-0B34B8893689}.Release|x64.Build.0 = Release|Any CPU
		{06112F73-A08F-4EDC-BE43-0B34B8893689}.Release|x86.ActiveCfg = Release|Any CPU
		{06112F73-A08F-4EDC-BE43-0B34B8893689}.Release|x86.Build.0 = Release|Any CPU
		{52206F46-512A-449C-953C-3EDA9337D800}.Debug|Any CPU.ActiveCfg = Debug|Any CPU
		{52206F46-512A-449C-953C-3EDA9337D800}.Debug|Any CPU.Build.0 = Debug|Any CPU
		{52206F46-512A-449C-953C-3EDA9337D800}.Debug|x64.ActiveCfg = Debug|Any CPU
		{52206F46-512A-449C-953C-3EDA9337D800}.Debug|x64.Build.0 = Debug|Any CPU
		{52206F46-512A-449C-953C-3EDA9337D800}.Debug|x86.ActiveCfg = Debug|Any CPU
		{52206F46-512A-449C-953C-3EDA9337D800}.Debug|x86.Build.0 = Debug|Any CPU
		{52206F46-512A-449C-953C-3EDA9337D800}.Release|Any CPU.ActiveCfg = Release|Any CPU
		{52206F46-512A-449C-953C-3EDA9337D800}.Release|Any CPU.Build.0 = Release|Any CPU
		{52206F46-512A-449C-953C-3EDA9337D800}.Release|x64.ActiveCfg = Release|Any CPU
		{52206F46-512A-449C-953C-3EDA9337D800}.Release|x64.Build.0 = Release|Any CPU
		{52206F46-512A-449C-953C-3EDA9337D800}.Release|x86.ActiveCfg = Release|Any CPU
		{52206F46-512A-449C-953C-3EDA9337D800}.Release|x86.Build.0 = Release|Any CPU
		{D51E78C8-93AE-4C70-A46D-17C1919B42FB}.Debug|Any CPU.ActiveCfg = Debug|Any CPU
		{D51E78C8-93AE-4C70-A46D-17C1919B42FB}.Debug|Any CPU.Build.0 = Debug|Any CPU
		{D51E78C8-93AE-4C70-A46D-17C1919B42FB}.Debug|x64.ActiveCfg = Debug|Any CPU
		{D51E78C8-93AE-4C70-A46D-17C1919B42FB}.Debug|x64.Build.0 = Debug|Any CPU
		{D51E78C8-93AE-4C70-A46D-17C1919B42FB}.Debug|x86.ActiveCfg = Debug|Any CPU
		{D51E78C8-93AE-4C70-A46D-17C1919B42FB}.Debug|x86.Build.0 = Debug|Any CPU
		{D51E78C8-93AE-4C70-A46D-17C1919B42FB}.Release|Any CPU.ActiveCfg = Release|Any CPU
		{D51E78C8-93AE-4C70-A46D-17C1919B42FB}.Release|Any CPU.Build.0 = Release|Any CPU
		{D51E78C8-93AE-4C70-A46D-17C1919B42FB}.Release|x64.ActiveCfg = Release|Any CPU
		{D51E78C8-93AE-4C70-A46D-17C1919B42FB}.Release|x64.Build.0 = Release|Any CPU
		{D51E78C8-93AE-4C70-A46D-17C1919B42FB}.Release|x86.ActiveCfg = Release|Any CPU
		{D51E78C8-93AE-4C70-A46D-17C1919B42FB}.Release|x86.Build.0 = Release|Any CPU
		{5FA98651-7DC1-4A4C-84E7-966DE4945C21}.Debug|Any CPU.ActiveCfg = Debug|Any CPU
		{5FA98651-7DC1-4A4C-84E7-966DE4945C21}.Debug|Any CPU.Build.0 = Debug|Any CPU
		{5FA98651-7DC1-4A4C-84E7-966DE4945C21}.Debug|x64.ActiveCfg = Debug|Any CPU
		{5FA98651-7DC1-4A4C-84E7-966DE4945C21}.Debug|x64.Build.0 = Debug|Any CPU
		{5FA98651-7DC1-4A4C-84E7-966DE4945C21}.Debug|x86.ActiveCfg = Debug|Any CPU
		{5FA98651-7DC1-4A4C-84E7-966DE4945C21}.Debug|x86.Build.0 = Debug|Any CPU
		{5FA98651-7DC1-4A4C-84E7-966DE4945C21}.Release|Any CPU.ActiveCfg = Release|Any CPU
		{5FA98651-7DC1-4A4C-84E7-966DE4945C21}.Release|Any CPU.Build.0 = Release|Any CPU
		{5FA98651-7DC1-4A4C-84E7-966DE4945C21}.Release|x64.ActiveCfg = Release|Any CPU
		{5FA98651-7DC1-4A4C-84E7-966DE4945C21}.Release|x64.Build.0 = Release|Any CPU
		{5FA98651-7DC1-4A4C-84E7-966DE4945C21}.Release|x86.ActiveCfg = Release|Any CPU
		{5FA98651-7DC1-4A4C-84E7-966DE4945C21}.Release|x86.Build.0 = Release|Any CPU
		{54608817-4856-47D3-8657-39E1DEAC64DF}.Debug|Any CPU.ActiveCfg = Debug|Any CPU
		{54608817-4856-47D3-8657-39E1DEAC64DF}.Debug|Any CPU.Build.0 = Debug|Any CPU
		{54608817-4856-47D3-8657-39E1DEAC64DF}.Debug|x64.ActiveCfg = Debug|Any CPU
		{54608817-4856-47D3-8657-39E1DEAC64DF}.Debug|x64.Build.0 = Debug|Any CPU
		{54608817-4856-47D3-8657-39E1DEAC64DF}.Debug|x86.ActiveCfg = Debug|Any CPU
		{54608817-4856-47D3-8657-39E1DEAC64DF}.Debug|x86.Build.0 = Debug|Any CPU
		{54608817-4856-47D3-8657-39E1DEAC64DF}.Release|Any CPU.ActiveCfg = Release|Any CPU
		{54608817-4856-47D3-8657-39E1DEAC64DF}.Release|Any CPU.Build.0 = Release|Any CPU
		{54608817-4856-47D3-8657-39E1DEAC64DF}.Release|x64.ActiveCfg = Release|Any CPU
		{54608817-4856-47D3-8657-39E1DEAC64DF}.Release|x64.Build.0 = Release|Any CPU
		{54608817-4856-47D3-8657-39E1DEAC64DF}.Release|x86.ActiveCfg = Release|Any CPU
		{54608817-4856-47D3-8657-39E1DEAC64DF}.Release|x86.Build.0 = Release|Any CPU
		{517D6541-5028-4E38-881E-5FE86928D437}.Debug|Any CPU.ActiveCfg = Debug|Any CPU
		{517D6541-5028-4E38-881E-5FE86928D437}.Debug|Any CPU.Build.0 = Debug|Any CPU
		{517D6541-5028-4E38-881E-5FE86928D437}.Debug|x64.ActiveCfg = Debug|Any CPU
		{517D6541-5028-4E38-881E-5FE86928D437}.Debug|x64.Build.0 = Debug|Any CPU
		{517D6541-5028-4E38-881E-5FE86928D437}.Debug|x86.ActiveCfg = Debug|Any CPU
		{517D6541-5028-4E38-881E-5FE86928D437}.Debug|x86.Build.0 = Debug|Any CPU
		{517D6541-5028-4E38-881E-5FE86928D437}.Release|Any CPU.ActiveCfg = Release|Any CPU
		{517D6541-5028-4E38-881E-5FE86928D437}.Release|Any CPU.Build.0 = Release|Any CPU
		{517D6541-5028-4E38-881E-5FE86928D437}.Release|x64.ActiveCfg = Release|Any CPU
		{517D6541-5028-4E38-881E-5FE86928D437}.Release|x64.Build.0 = Release|Any CPU
		{517D6541-5028-4E38-881E-5FE86928D437}.Release|x86.ActiveCfg = Release|Any CPU
		{517D6541-5028-4E38-881E-5FE86928D437}.Release|x86.Build.0 = Release|Any CPU
		{68536D66-07CE-44D2-819B-F72D991CC1C0}.Debug|Any CPU.ActiveCfg = Debug|Any CPU
		{68536D66-07CE-44D2-819B-F72D991CC1C0}.Debug|Any CPU.Build.0 = Debug|Any CPU
		{68536D66-07CE-44D2-819B-F72D991CC1C0}.Debug|x64.ActiveCfg = Debug|Any CPU
		{68536D66-07CE-44D2-819B-F72D991CC1C0}.Debug|x64.Build.0 = Debug|Any CPU
		{68536D66-07CE-44D2-819B-F72D991CC1C0}.Debug|x86.ActiveCfg = Debug|Any CPU
		{68536D66-07CE-44D2-819B-F72D991CC1C0}.Debug|x86.Build.0 = Debug|Any CPU
		{68536D66-07CE-44D2-819B-F72D991CC1C0}.Release|Any CPU.ActiveCfg = Release|Any CPU
		{68536D66-07CE-44D2-819B-F72D991CC1C0}.Release|Any CPU.Build.0 = Release|Any CPU
		{68536D66-07CE-44D2-819B-F72D991CC1C0}.Release|x64.ActiveCfg = Release|Any CPU
		{68536D66-07CE-44D2-819B-F72D991CC1C0}.Release|x64.Build.0 = Release|Any CPU
		{68536D66-07CE-44D2-819B-F72D991CC1C0}.Release|x86.ActiveCfg = Release|Any CPU
		{68536D66-07CE-44D2-819B-F72D991CC1C0}.Release|x86.Build.0 = Release|Any CPU
		{F6FDDACD-8129-4C6D-9E75-0621C6AE4F71}.Debug|Any CPU.ActiveCfg = Debug|Any CPU
		{F6FDDACD-8129-4C6D-9E75-0621C6AE4F71}.Debug|Any CPU.Build.0 = Debug|Any CPU
		{F6FDDACD-8129-4C6D-9E75-0621C6AE4F71}.Debug|x64.ActiveCfg = Debug|Any CPU
		{F6FDDACD-8129-4C6D-9E75-0621C6AE4F71}.Debug|x64.Build.0 = Debug|Any CPU
		{F6FDDACD-8129-4C6D-9E75-0621C6AE4F71}.Debug|x86.ActiveCfg = Debug|Any CPU
		{F6FDDACD-8129-4C6D-9E75-0621C6AE4F71}.Debug|x86.Build.0 = Debug|Any CPU
		{F6FDDACD-8129-4C6D-9E75-0621C6AE4F71}.Release|Any CPU.ActiveCfg = Release|Any CPU
		{F6FDDACD-8129-4C6D-9E75-0621C6AE4F71}.Release|Any CPU.Build.0 = Release|Any CPU
		{F6FDDACD-8129-4C6D-9E75-0621C6AE4F71}.Release|x64.ActiveCfg = Release|Any CPU
		{F6FDDACD-8129-4C6D-9E75-0621C6AE4F71}.Release|x64.Build.0 = Release|Any CPU
		{F6FDDACD-8129-4C6D-9E75-0621C6AE4F71}.Release|x86.ActiveCfg = Release|Any CPU
		{F6FDDACD-8129-4C6D-9E75-0621C6AE4F71}.Release|x86.Build.0 = Release|Any CPU
		{9F90C146-19B3-4601-8539-48062F640A3D}.Debug|Any CPU.ActiveCfg = Debug|Any CPU
		{9F90C146-19B3-4601-8539-48062F640A3D}.Debug|Any CPU.Build.0 = Debug|Any CPU
		{9F90C146-19B3-4601-8539-48062F640A3D}.Debug|x64.ActiveCfg = Debug|Any CPU
		{9F90C146-19B3-4601-8539-48062F640A3D}.Debug|x64.Build.0 = Debug|Any CPU
		{9F90C146-19B3-4601-8539-48062F640A3D}.Debug|x86.ActiveCfg = Debug|Any CPU
		{9F90C146-19B3-4601-8539-48062F640A3D}.Debug|x86.Build.0 = Debug|Any CPU
		{9F90C146-19B3-4601-8539-48062F640A3D}.Release|Any CPU.ActiveCfg = Release|Any CPU
		{9F90C146-19B3-4601-8539-48062F640A3D}.Release|Any CPU.Build.0 = Release|Any CPU
		{9F90C146-19B3-4601-8539-48062F640A3D}.Release|x64.ActiveCfg = Release|Any CPU
		{9F90C146-19B3-4601-8539-48062F640A3D}.Release|x64.Build.0 = Release|Any CPU
		{9F90C146-19B3-4601-8539-48062F640A3D}.Release|x86.ActiveCfg = Release|Any CPU
		{9F90C146-19B3-4601-8539-48062F640A3D}.Release|x86.Build.0 = Release|Any CPU
		{8DB80D63-A68D-4E4D-AD01-145F2CDD1678}.Debug|Any CPU.ActiveCfg = Debug|Any CPU
		{8DB80D63-A68D-4E4D-AD01-145F2CDD1678}.Debug|Any CPU.Build.0 = Debug|Any CPU
		{8DB80D63-A68D-4E4D-AD01-145F2CDD1678}.Debug|x64.ActiveCfg = Debug|Any CPU
		{8DB80D63-A68D-4E4D-AD01-145F2CDD1678}.Debug|x64.Build.0 = Debug|Any CPU
		{8DB80D63-A68D-4E4D-AD01-145F2CDD1678}.Debug|x86.ActiveCfg = Debug|Any CPU
		{8DB80D63-A68D-4E4D-AD01-145F2CDD1678}.Debug|x86.Build.0 = Debug|Any CPU
		{8DB80D63-A68D-4E4D-AD01-145F2CDD1678}.Release|Any CPU.ActiveCfg = Release|Any CPU
		{8DB80D63-A68D-4E4D-AD01-145F2CDD1678}.Release|Any CPU.Build.0 = Release|Any CPU
		{8DB80D63-A68D-4E4D-AD01-145F2CDD1678}.Release|x64.ActiveCfg = Release|Any CPU
		{8DB80D63-A68D-4E4D-AD01-145F2CDD1678}.Release|x64.Build.0 = Release|Any CPU
		{8DB80D63-A68D-4E4D-AD01-145F2CDD1678}.Release|x86.ActiveCfg = Release|Any CPU
		{8DB80D63-A68D-4E4D-AD01-145F2CDD1678}.Release|x86.Build.0 = Release|Any CPU
		{7FDAE1FF-E687-466D-8936-EBA12A5156DB}.Debug|Any CPU.ActiveCfg = Debug|Any CPU
		{7FDAE1FF-E687-466D-8936-EBA12A5156DB}.Debug|Any CPU.Build.0 = Debug|Any CPU
		{7FDAE1FF-E687-466D-8936-EBA12A5156DB}.Debug|x64.ActiveCfg = Debug|Any CPU
		{7FDAE1FF-E687-466D-8936-EBA12A5156DB}.Debug|x64.Build.0 = Debug|Any CPU
		{7FDAE1FF-E687-466D-8936-EBA12A5156DB}.Debug|x86.ActiveCfg = Debug|Any CPU
		{7FDAE1FF-E687-466D-8936-EBA12A5156DB}.Debug|x86.Build.0 = Debug|Any CPU
		{7FDAE1FF-E687-466D-8936-EBA12A5156DB}.Release|Any CPU.ActiveCfg = Release|Any CPU
		{7FDAE1FF-E687-466D-8936-EBA12A5156DB}.Release|Any CPU.Build.0 = Release|Any CPU
		{7FDAE1FF-E687-466D-8936-EBA12A5156DB}.Release|x64.ActiveCfg = Release|Any CPU
		{7FDAE1FF-E687-466D-8936-EBA12A5156DB}.Release|x64.Build.0 = Release|Any CPU
		{7FDAE1FF-E687-466D-8936-EBA12A5156DB}.Release|x86.ActiveCfg = Release|Any CPU
		{7FDAE1FF-E687-466D-8936-EBA12A5156DB}.Release|x86.Build.0 = Release|Any CPU
		{B155880F-DB12-4BB8-BB3D-CD3C8B194F01}.Debug|Any CPU.ActiveCfg = Debug|Any CPU
		{B155880F-DB12-4BB8-BB3D-CD3C8B194F01}.Debug|Any CPU.Build.0 = Debug|Any CPU
		{B155880F-DB12-4BB8-BB3D-CD3C8B194F01}.Debug|x64.ActiveCfg = Debug|Any CPU
		{B155880F-DB12-4BB8-BB3D-CD3C8B194F01}.Debug|x64.Build.0 = Debug|Any CPU
		{B155880F-DB12-4BB8-BB3D-CD3C8B194F01}.Debug|x86.ActiveCfg = Debug|Any CPU
		{B155880F-DB12-4BB8-BB3D-CD3C8B194F01}.Debug|x86.Build.0 = Debug|Any CPU
		{B155880F-DB12-4BB8-BB3D-CD3C8B194F01}.Release|Any CPU.ActiveCfg = Release|Any CPU
		{B155880F-DB12-4BB8-BB3D-CD3C8B194F01}.Release|Any CPU.Build.0 = Release|Any CPU
		{B155880F-DB12-4BB8-BB3D-CD3C8B194F01}.Release|x64.ActiveCfg = Release|Any CPU
		{B155880F-DB12-4BB8-BB3D-CD3C8B194F01}.Release|x64.Build.0 = Release|Any CPU
		{B155880F-DB12-4BB8-BB3D-CD3C8B194F01}.Release|x86.ActiveCfg = Release|Any CPU
		{B155880F-DB12-4BB8-BB3D-CD3C8B194F01}.Release|x86.Build.0 = Release|Any CPU
		{DE73A57E-DF81-4BE6-81B4-6DE74FDE6216}.Debug|Any CPU.ActiveCfg = Debug|Any CPU
		{DE73A57E-DF81-4BE6-81B4-6DE74FDE6216}.Debug|Any CPU.Build.0 = Debug|Any CPU
		{DE73A57E-DF81-4BE6-81B4-6DE74FDE6216}.Debug|x64.ActiveCfg = Debug|Any CPU
		{DE73A57E-DF81-4BE6-81B4-6DE74FDE6216}.Debug|x64.Build.0 = Debug|Any CPU
		{DE73A57E-DF81-4BE6-81B4-6DE74FDE6216}.Debug|x86.ActiveCfg = Debug|Any CPU
		{DE73A57E-DF81-4BE6-81B4-6DE74FDE6216}.Debug|x86.Build.0 = Debug|Any CPU
		{DE73A57E-DF81-4BE6-81B4-6DE74FDE6216}.Release|Any CPU.ActiveCfg = Release|Any CPU
		{DE73A57E-DF81-4BE6-81B4-6DE74FDE6216}.Release|Any CPU.Build.0 = Release|Any CPU
		{DE73A57E-DF81-4BE6-81B4-6DE74FDE6216}.Release|x64.ActiveCfg = Release|Any CPU
		{DE73A57E-DF81-4BE6-81B4-6DE74FDE6216}.Release|x64.Build.0 = Release|Any CPU
		{DE73A57E-DF81-4BE6-81B4-6DE74FDE6216}.Release|x86.ActiveCfg = Release|Any CPU
		{DE73A57E-DF81-4BE6-81B4-6DE74FDE6216}.Release|x86.Build.0 = Release|Any CPU
		{9D2B86B1-0F45-4C2B-A2D9-A1B2BFAD773B}.Debug|Any CPU.ActiveCfg = Debug|Any CPU
		{9D2B86B1-0F45-4C2B-A2D9-A1B2BFAD773B}.Debug|Any CPU.Build.0 = Debug|Any CPU
		{9D2B86B1-0F45-4C2B-A2D9-A1B2BFAD773B}.Debug|x64.ActiveCfg = Debug|Any CPU
		{9D2B86B1-0F45-4C2B-A2D9-A1B2BFAD773B}.Debug|x64.Build.0 = Debug|Any CPU
		{9D2B86B1-0F45-4C2B-A2D9-A1B2BFAD773B}.Debug|x86.ActiveCfg = Debug|Any CPU
		{9D2B86B1-0F45-4C2B-A2D9-A1B2BFAD773B}.Debug|x86.Build.0 = Debug|Any CPU
		{9D2B86B1-0F45-4C2B-A2D9-A1B2BFAD773B}.Release|Any CPU.ActiveCfg = Release|Any CPU
		{9D2B86B1-0F45-4C2B-A2D9-A1B2BFAD773B}.Release|Any CPU.Build.0 = Release|Any CPU
		{9D2B86B1-0F45-4C2B-A2D9-A1B2BFAD773B}.Release|x64.ActiveCfg = Release|Any CPU
		{9D2B86B1-0F45-4C2B-A2D9-A1B2BFAD773B}.Release|x64.Build.0 = Release|Any CPU
		{9D2B86B1-0F45-4C2B-A2D9-A1B2BFAD773B}.Release|x86.ActiveCfg = Release|Any CPU
		{9D2B86B1-0F45-4C2B-A2D9-A1B2BFAD773B}.Release|x86.Build.0 = Release|Any CPU
		{602383C7-623B-4C7E-B69A-004853474F87}.Debug|Any CPU.ActiveCfg = Debug|Any CPU
		{602383C7-623B-4C7E-B69A-004853474F87}.Debug|Any CPU.Build.0 = Debug|Any CPU
		{602383C7-623B-4C7E-B69A-004853474F87}.Debug|x64.ActiveCfg = Debug|Any CPU
		{602383C7-623B-4C7E-B69A-004853474F87}.Debug|x64.Build.0 = Debug|Any CPU
		{602383C7-623B-4C7E-B69A-004853474F87}.Debug|x86.ActiveCfg = Debug|Any CPU
		{602383C7-623B-4C7E-B69A-004853474F87}.Debug|x86.Build.0 = Debug|Any CPU
		{602383C7-623B-4C7E-B69A-004853474F87}.Release|Any CPU.ActiveCfg = Release|Any CPU
		{602383C7-623B-4C7E-B69A-004853474F87}.Release|Any CPU.Build.0 = Release|Any CPU
		{602383C7-623B-4C7E-B69A-004853474F87}.Release|x64.ActiveCfg = Release|Any CPU
		{602383C7-623B-4C7E-B69A-004853474F87}.Release|x64.Build.0 = Release|Any CPU
		{602383C7-623B-4C7E-B69A-004853474F87}.Release|x86.ActiveCfg = Release|Any CPU
		{602383C7-623B-4C7E-B69A-004853474F87}.Release|x86.Build.0 = Release|Any CPU
		{A4F99DA6-DCE4-4CCD-AF19-4EA6348972FC}.Debug|Any CPU.ActiveCfg = Debug|Any CPU
		{A4F99DA6-DCE4-4CCD-AF19-4EA6348972FC}.Debug|Any CPU.Build.0 = Debug|Any CPU
		{A4F99DA6-DCE4-4CCD-AF19-4EA6348972FC}.Debug|x64.ActiveCfg = Debug|Any CPU
		{A4F99DA6-DCE4-4CCD-AF19-4EA6348972FC}.Debug|x64.Build.0 = Debug|Any CPU
		{A4F99DA6-DCE4-4CCD-AF19-4EA6348972FC}.Debug|x86.ActiveCfg = Debug|Any CPU
		{A4F99DA6-DCE4-4CCD-AF19-4EA6348972FC}.Debug|x86.Build.0 = Debug|Any CPU
		{A4F99DA6-DCE4-4CCD-AF19-4EA6348972FC}.Release|Any CPU.ActiveCfg = Release|Any CPU
		{A4F99DA6-DCE4-4CCD-AF19-4EA6348972FC}.Release|Any CPU.Build.0 = Release|Any CPU
		{A4F99DA6-DCE4-4CCD-AF19-4EA6348972FC}.Release|x64.ActiveCfg = Release|Any CPU
		{A4F99DA6-DCE4-4CCD-AF19-4EA6348972FC}.Release|x64.Build.0 = Release|Any CPU
		{A4F99DA6-DCE4-4CCD-AF19-4EA6348972FC}.Release|x86.ActiveCfg = Release|Any CPU
		{A4F99DA6-DCE4-4CCD-AF19-4EA6348972FC}.Release|x86.Build.0 = Release|Any CPU
		{8F0F751F-6DA6-4841-931C-2FAD6C1F31FA}.Debug|Any CPU.ActiveCfg = Debug|Any CPU
		{8F0F751F-6DA6-4841-931C-2FAD6C1F31FA}.Debug|Any CPU.Build.0 = Debug|Any CPU
		{8F0F751F-6DA6-4841-931C-2FAD6C1F31FA}.Debug|x64.ActiveCfg = Debug|Any CPU
		{8F0F751F-6DA6-4841-931C-2FAD6C1F31FA}.Debug|x64.Build.0 = Debug|Any CPU
		{8F0F751F-6DA6-4841-931C-2FAD6C1F31FA}.Debug|x86.ActiveCfg = Debug|Any CPU
		{8F0F751F-6DA6-4841-931C-2FAD6C1F31FA}.Debug|x86.Build.0 = Debug|Any CPU
		{8F0F751F-6DA6-4841-931C-2FAD6C1F31FA}.Release|Any CPU.ActiveCfg = Release|Any CPU
		{8F0F751F-6DA6-4841-931C-2FAD6C1F31FA}.Release|Any CPU.Build.0 = Release|Any CPU
		{8F0F751F-6DA6-4841-931C-2FAD6C1F31FA}.Release|x64.ActiveCfg = Release|Any CPU
		{8F0F751F-6DA6-4841-931C-2FAD6C1F31FA}.Release|x64.Build.0 = Release|Any CPU
		{8F0F751F-6DA6-4841-931C-2FAD6C1F31FA}.Release|x86.ActiveCfg = Release|Any CPU
		{8F0F751F-6DA6-4841-931C-2FAD6C1F31FA}.Release|x86.Build.0 = Release|Any CPU
		{CBF980BD-7C04-4F55-AA09-D76EBF3AA1DF}.Debug|Any CPU.ActiveCfg = Debug|Any CPU
		{CBF980BD-7C04-4F55-AA09-D76EBF3AA1DF}.Debug|Any CPU.Build.0 = Debug|Any CPU
		{CBF980BD-7C04-4F55-AA09-D76EBF3AA1DF}.Debug|x64.ActiveCfg = Debug|Any CPU
		{CBF980BD-7C04-4F55-AA09-D76EBF3AA1DF}.Debug|x64.Build.0 = Debug|Any CPU
		{CBF980BD-7C04-4F55-AA09-D76EBF3AA1DF}.Debug|x86.ActiveCfg = Debug|Any CPU
		{CBF980BD-7C04-4F55-AA09-D76EBF3AA1DF}.Debug|x86.Build.0 = Debug|Any CPU
		{CBF980BD-7C04-4F55-AA09-D76EBF3AA1DF}.Release|Any CPU.ActiveCfg = Release|Any CPU
		{CBF980BD-7C04-4F55-AA09-D76EBF3AA1DF}.Release|Any CPU.Build.0 = Release|Any CPU
		{CBF980BD-7C04-4F55-AA09-D76EBF3AA1DF}.Release|x64.ActiveCfg = Release|Any CPU
		{CBF980BD-7C04-4F55-AA09-D76EBF3AA1DF}.Release|x64.Build.0 = Release|Any CPU
		{CBF980BD-7C04-4F55-AA09-D76EBF3AA1DF}.Release|x86.ActiveCfg = Release|Any CPU
		{CBF980BD-7C04-4F55-AA09-D76EBF3AA1DF}.Release|x86.Build.0 = Release|Any CPU
		{624FF73E-38C4-46FE-8345-6CD6B70E7FC5}.Debug|Any CPU.ActiveCfg = Debug|Any CPU
		{624FF73E-38C4-46FE-8345-6CD6B70E7FC5}.Debug|Any CPU.Build.0 = Debug|Any CPU
		{624FF73E-38C4-46FE-8345-6CD6B70E7FC5}.Debug|x64.ActiveCfg = Debug|Any CPU
		{624FF73E-38C4-46FE-8345-6CD6B70E7FC5}.Debug|x64.Build.0 = Debug|Any CPU
		{624FF73E-38C4-46FE-8345-6CD6B70E7FC5}.Debug|x86.ActiveCfg = Debug|Any CPU
		{624FF73E-38C4-46FE-8345-6CD6B70E7FC5}.Debug|x86.Build.0 = Debug|Any CPU
		{624FF73E-38C4-46FE-8345-6CD6B70E7FC5}.Release|Any CPU.ActiveCfg = Release|Any CPU
		{624FF73E-38C4-46FE-8345-6CD6B70E7FC5}.Release|Any CPU.Build.0 = Release|Any CPU
		{624FF73E-38C4-46FE-8345-6CD6B70E7FC5}.Release|x64.ActiveCfg = Release|Any CPU
		{624FF73E-38C4-46FE-8345-6CD6B70E7FC5}.Release|x64.Build.0 = Release|Any CPU
		{624FF73E-38C4-46FE-8345-6CD6B70E7FC5}.Release|x86.ActiveCfg = Release|Any CPU
		{624FF73E-38C4-46FE-8345-6CD6B70E7FC5}.Release|x86.Build.0 = Release|Any CPU
		{6C517F24-7F5E-4D3D-AD24-63BEE623E9E8}.Debug|Any CPU.ActiveCfg = Debug|Any CPU
		{6C517F24-7F5E-4D3D-AD24-63BEE623E9E8}.Debug|Any CPU.Build.0 = Debug|Any CPU
		{6C517F24-7F5E-4D3D-AD24-63BEE623E9E8}.Debug|x64.ActiveCfg = Debug|Any CPU
		{6C517F24-7F5E-4D3D-AD24-63BEE623E9E8}.Debug|x64.Build.0 = Debug|Any CPU
		{6C517F24-7F5E-4D3D-AD24-63BEE623E9E8}.Debug|x86.ActiveCfg = Debug|Any CPU
		{6C517F24-7F5E-4D3D-AD24-63BEE623E9E8}.Debug|x86.Build.0 = Debug|Any CPU
		{6C517F24-7F5E-4D3D-AD24-63BEE623E9E8}.Release|Any CPU.ActiveCfg = Release|Any CPU
		{6C517F24-7F5E-4D3D-AD24-63BEE623E9E8}.Release|Any CPU.Build.0 = Release|Any CPU
		{6C517F24-7F5E-4D3D-AD24-63BEE623E9E8}.Release|x64.ActiveCfg = Release|Any CPU
		{6C517F24-7F5E-4D3D-AD24-63BEE623E9E8}.Release|x64.Build.0 = Release|Any CPU
		{6C517F24-7F5E-4D3D-AD24-63BEE623E9E8}.Release|x86.ActiveCfg = Release|Any CPU
		{6C517F24-7F5E-4D3D-AD24-63BEE623E9E8}.Release|x86.Build.0 = Release|Any CPU
		{AB136CBA-A532-4350-927B-283334B42299}.Debug|Any CPU.ActiveCfg = Debug|Any CPU
		{AB136CBA-A532-4350-927B-283334B42299}.Debug|Any CPU.Build.0 = Debug|Any CPU
		{AB136CBA-A532-4350-927B-283334B42299}.Debug|x64.ActiveCfg = Debug|Any CPU
		{AB136CBA-A532-4350-927B-283334B42299}.Debug|x64.Build.0 = Debug|Any CPU
		{AB136CBA-A532-4350-927B-283334B42299}.Debug|x86.ActiveCfg = Debug|Any CPU
		{AB136CBA-A532-4350-927B-283334B42299}.Debug|x86.Build.0 = Debug|Any CPU
		{AB136CBA-A532-4350-927B-283334B42299}.Release|Any CPU.ActiveCfg = Release|Any CPU
		{AB136CBA-A532-4350-927B-283334B42299}.Release|Any CPU.Build.0 = Release|Any CPU
		{AB136CBA-A532-4350-927B-283334B42299}.Release|x64.ActiveCfg = Release|Any CPU
		{AB136CBA-A532-4350-927B-283334B42299}.Release|x64.Build.0 = Release|Any CPU
		{AB136CBA-A532-4350-927B-283334B42299}.Release|x86.ActiveCfg = Release|Any CPU
		{AB136CBA-A532-4350-927B-283334B42299}.Release|x86.Build.0 = Release|Any CPU
		{432D3E2C-FCFB-4732-84B6-0B83D85A28A9}.Debug|Any CPU.ActiveCfg = Debug|Any CPU
		{432D3E2C-FCFB-4732-84B6-0B83D85A28A9}.Debug|Any CPU.Build.0 = Debug|Any CPU
		{432D3E2C-FCFB-4732-84B6-0B83D85A28A9}.Debug|x64.ActiveCfg = Debug|Any CPU
		{432D3E2C-FCFB-4732-84B6-0B83D85A28A9}.Debug|x64.Build.0 = Debug|Any CPU
		{432D3E2C-FCFB-4732-84B6-0B83D85A28A9}.Debug|x86.ActiveCfg = Debug|Any CPU
		{432D3E2C-FCFB-4732-84B6-0B83D85A28A9}.Debug|x86.Build.0 = Debug|Any CPU
		{432D3E2C-FCFB-4732-84B6-0B83D85A28A9}.Release|Any CPU.ActiveCfg = Release|Any CPU
		{432D3E2C-FCFB-4732-84B6-0B83D85A28A9}.Release|Any CPU.Build.0 = Release|Any CPU
		{432D3E2C-FCFB-4732-84B6-0B83D85A28A9}.Release|x64.ActiveCfg = Release|Any CPU
		{432D3E2C-FCFB-4732-84B6-0B83D85A28A9}.Release|x64.Build.0 = Release|Any CPU
		{432D3E2C-FCFB-4732-84B6-0B83D85A28A9}.Release|x86.ActiveCfg = Release|Any CPU
		{432D3E2C-FCFB-4732-84B6-0B83D85A28A9}.Release|x86.Build.0 = Release|Any CPU
		{82B44C73-408A-4CCE-8FDF-7229631C2518}.Debug|Any CPU.ActiveCfg = Debug|Any CPU
		{82B44C73-408A-4CCE-8FDF-7229631C2518}.Debug|Any CPU.Build.0 = Debug|Any CPU
		{82B44C73-408A-4CCE-8FDF-7229631C2518}.Debug|x64.ActiveCfg = Debug|Any CPU
		{82B44C73-408A-4CCE-8FDF-7229631C2518}.Debug|x64.Build.0 = Debug|Any CPU
		{82B44C73-408A-4CCE-8FDF-7229631C2518}.Debug|x86.ActiveCfg = Debug|Any CPU
		{82B44C73-408A-4CCE-8FDF-7229631C2518}.Debug|x86.Build.0 = Debug|Any CPU
		{82B44C73-408A-4CCE-8FDF-7229631C2518}.Release|Any CPU.ActiveCfg = Release|Any CPU
		{82B44C73-408A-4CCE-8FDF-7229631C2518}.Release|Any CPU.Build.0 = Release|Any CPU
		{82B44C73-408A-4CCE-8FDF-7229631C2518}.Release|x64.ActiveCfg = Release|Any CPU
		{82B44C73-408A-4CCE-8FDF-7229631C2518}.Release|x64.Build.0 = Release|Any CPU
		{82B44C73-408A-4CCE-8FDF-7229631C2518}.Release|x86.ActiveCfg = Release|Any CPU
		{82B44C73-408A-4CCE-8FDF-7229631C2518}.Release|x86.Build.0 = Release|Any CPU
		{F70E527C-4F6F-4AF6-B8DE-3E5343A85870}.Debug|Any CPU.ActiveCfg = Debug|Any CPU
		{F70E527C-4F6F-4AF6-B8DE-3E5343A85870}.Debug|Any CPU.Build.0 = Debug|Any CPU
		{F70E527C-4F6F-4AF6-B8DE-3E5343A85870}.Debug|x64.ActiveCfg = Debug|Any CPU
		{F70E527C-4F6F-4AF6-B8DE-3E5343A85870}.Debug|x64.Build.0 = Debug|Any CPU
		{F70E527C-4F6F-4AF6-B8DE-3E5343A85870}.Debug|x86.ActiveCfg = Debug|Any CPU
		{F70E527C-4F6F-4AF6-B8DE-3E5343A85870}.Debug|x86.Build.0 = Debug|Any CPU
		{F70E527C-4F6F-4AF6-B8DE-3E5343A85870}.Release|Any CPU.ActiveCfg = Release|Any CPU
		{F70E527C-4F6F-4AF6-B8DE-3E5343A85870}.Release|Any CPU.Build.0 = Release|Any CPU
		{F70E527C-4F6F-4AF6-B8DE-3E5343A85870}.Release|x64.ActiveCfg = Release|Any CPU
		{F70E527C-4F6F-4AF6-B8DE-3E5343A85870}.Release|x64.Build.0 = Release|Any CPU
		{F70E527C-4F6F-4AF6-B8DE-3E5343A85870}.Release|x86.ActiveCfg = Release|Any CPU
		{F70E527C-4F6F-4AF6-B8DE-3E5343A85870}.Release|x86.Build.0 = Release|Any CPU
		{9A683A9A-D938-4D30-93B3-1948DCCCD9FC}.Debug|Any CPU.ActiveCfg = Debug|Any CPU
		{9A683A9A-D938-4D30-93B3-1948DCCCD9FC}.Debug|Any CPU.Build.0 = Debug|Any CPU
		{9A683A9A-D938-4D30-93B3-1948DCCCD9FC}.Debug|x64.ActiveCfg = Debug|Any CPU
		{9A683A9A-D938-4D30-93B3-1948DCCCD9FC}.Debug|x64.Build.0 = Debug|Any CPU
		{9A683A9A-D938-4D30-93B3-1948DCCCD9FC}.Debug|x86.ActiveCfg = Debug|Any CPU
		{9A683A9A-D938-4D30-93B3-1948DCCCD9FC}.Debug|x86.Build.0 = Debug|Any CPU
		{9A683A9A-D938-4D30-93B3-1948DCCCD9FC}.Release|Any CPU.ActiveCfg = Release|Any CPU
		{9A683A9A-D938-4D30-93B3-1948DCCCD9FC}.Release|Any CPU.Build.0 = Release|Any CPU
		{9A683A9A-D938-4D30-93B3-1948DCCCD9FC}.Release|x64.ActiveCfg = Release|Any CPU
		{9A683A9A-D938-4D30-93B3-1948DCCCD9FC}.Release|x64.Build.0 = Release|Any CPU
		{9A683A9A-D938-4D30-93B3-1948DCCCD9FC}.Release|x86.ActiveCfg = Release|Any CPU
		{9A683A9A-D938-4D30-93B3-1948DCCCD9FC}.Release|x86.Build.0 = Release|Any CPU
	EndGlobalSection
	GlobalSection(SolutionProperties) = preSolution
		HideSolutionNode = FALSE
	EndGlobalSection
EndGlobal
