
Microsoft Visual Studio Solution File, Format Version 12.00
# Visual Studio Version 17
VisualStudioVersion = 17.0.32112.339
MinimumVisualStudioVersion = 10.0.40219.1
Project("{9A19103F-16F7-4668-BE54-9A1E7A4F7556}") = "CoseSignTool", "CoseSignTool\CoseSignTool.csproj", "{8388C0AF-458F-4407-B5A9-C900D34AE6BB}"
EndProject
Project("{9A19103F-16F7-4668-BE54-9A1E7A4F7556}") = "CoseHandler.Tests", "CoseSignUnitTests\CoseHandler.Tests.csproj", "{A0E2186D-1D88-4FD8-9A19-0D655D6C0815}"
EndProject
Project("{2150E333-8FDC-42A3-9474-1A3956D46DE8}") = "Solution Items", "Solution Items", "{0EBBE2F9-CCAE-4129-BCD6-C59647AF9EB8}"
EndProject
Project("{9A19103F-16F7-4668-BE54-9A1E7A4F7556}") = "CoseSign1.Abstractions", "CoseSign1.Abstractions\CoseSign1.Abstractions.csproj", "{4E7E48ED-ED6E-4CD1-8052-36FD91EED999}"
EndProject
Project("{9A19103F-16F7-4668-BE54-9A1E7A4F7556}") = "CoseSign1.Certificates", "CoseSign1.Certificates\CoseSign1.Certificates.csproj", "{8D3CA4EF-7CF3-46FD-B854-E633CD0CCD40}"
EndProject
Project("{9A19103F-16F7-4668-BE54-9A1E7A4F7556}") = "CoseSign1.Certificates.Tests", "CoseSign1.Certificates.Tests\CoseSign1.Certificates.Tests.csproj", "{969DA885-A401-424E-8A70-4F75648F13F1}"
EndProject
Project("{9A19103F-16F7-4668-BE54-9A1E7A4F7556}") = "CoseSign1.Tests", "CoseSign1.Tests\CoseSign1.Tests.csproj", "{32BC0A2A-666F-4C31-9EAC-1A97758B6558}"
EndProject
Project("{9A19103F-16F7-4668-BE54-9A1E7A4F7556}") = "CoseSign1", "CoseSign1\CoseSign1.csproj", "{6994C7F9-D62B-443F-AF16-502764EC9112}"
EndProject
Project("{9A19103F-16F7-4668-BE54-9A1E7A4F7556}") = "CoseSign1.Tests.Common", "CoseSign1.Tests.Common\CoseSign1.Tests.Common.csproj", "{86692A26-A05C-4E85-B90D-F41346F463C3}"
EndProject
Project("{9A19103F-16F7-4668-BE54-9A1E7A4F7556}") = "CoseSignTool.tests", "CoseSignTool.tests\CoseSignTool.tests.csproj", "{FA48F9DF-CB88-48BC-8594-EC496E193659}"
EndProject
Project("{FAE04EC0-301F-11D3-BF4B-00C04F79EFBC}") = "CoseHandler", "CoseHandler\CoseHandler.csproj", "{AA28D81F-A0AB-492F-BC66-18EBB2E0BBF9}"
EndProject
Global
	GlobalSection(SolutionConfigurationPlatforms) = preSolution
		Debug|Any CPU = Debug|Any CPU
		Debug|x64 = Debug|x64
		Release|Any CPU = Release|Any CPU
		Release|x64 = Release|x64
	EndGlobalSection
	GlobalSection(ProjectConfigurationPlatforms) = postSolution
		{8388C0AF-458F-4407-B5A9-C900D34AE6BB}.Debug|Any CPU.ActiveCfg = Debug|x64
		{8388C0AF-458F-4407-B5A9-C900D34AE6BB}.Debug|Any CPU.Build.0 = Debug|x64
		{8388C0AF-458F-4407-B5A9-C900D34AE6BB}.Debug|x64.ActiveCfg = Debug|x64
		{8388C0AF-458F-4407-B5A9-C900D34AE6BB}.Debug|x64.Build.0 = Debug|x64
		{8388C0AF-458F-4407-B5A9-C900D34AE6BB}.Release|Any CPU.ActiveCfg = Release|x64
		{8388C0AF-458F-4407-B5A9-C900D34AE6BB}.Release|Any CPU.Build.0 = Release|x64
		{8388C0AF-458F-4407-B5A9-C900D34AE6BB}.Release|x64.ActiveCfg = Release|x64
		{8388C0AF-458F-4407-B5A9-C900D34AE6BB}.Release|x64.Build.0 = Release|x64
		{A0E2186D-1D88-4FD8-9A19-0D655D6C0815}.Debug|Any CPU.ActiveCfg = Debug|x64
		{A0E2186D-1D88-4FD8-9A19-0D655D6C0815}.Debug|Any CPU.Build.0 = Debug|x64
		{A0E2186D-1D88-4FD8-9A19-0D655D6C0815}.Debug|x64.ActiveCfg = Debug|x64
		{A0E2186D-1D88-4FD8-9A19-0D655D6C0815}.Debug|x64.Build.0 = Debug|x64
		{A0E2186D-1D88-4FD8-9A19-0D655D6C0815}.Release|Any CPU.ActiveCfg = Release|x64
		{A0E2186D-1D88-4FD8-9A19-0D655D6C0815}.Release|Any CPU.Build.0 = Release|x64
		{A0E2186D-1D88-4FD8-9A19-0D655D6C0815}.Release|x64.ActiveCfg = Release|x64
		{A0E2186D-1D88-4FD8-9A19-0D655D6C0815}.Release|x64.Build.0 = Release|x64
		{4E7E48ED-ED6E-4CD1-8052-36FD91EED999}.Debug|Any CPU.ActiveCfg = Debug|Any CPU
		{4E7E48ED-ED6E-4CD1-8052-36FD91EED999}.Debug|Any CPU.Build.0 = Debug|Any CPU
		{4E7E48ED-ED6E-4CD1-8052-36FD91EED999}.Debug|x64.ActiveCfg = Debug|Any CPU
		{4E7E48ED-ED6E-4CD1-8052-36FD91EED999}.Debug|x64.Build.0 = Debug|Any CPU
		{4E7E48ED-ED6E-4CD1-8052-36FD91EED999}.Release|Any CPU.ActiveCfg = Release|Any CPU
		{4E7E48ED-ED6E-4CD1-8052-36FD91EED999}.Release|Any CPU.Build.0 = Release|Any CPU
		{4E7E48ED-ED6E-4CD1-8052-36FD91EED999}.Release|x64.ActiveCfg = Release|Any CPU
		{4E7E48ED-ED6E-4CD1-8052-36FD91EED999}.Release|x64.Build.0 = Release|Any CPU
		{8D3CA4EF-7CF3-46FD-B854-E633CD0CCD40}.Debug|Any CPU.ActiveCfg = Debug|Any CPU
		{8D3CA4EF-7CF3-46FD-B854-E633CD0CCD40}.Debug|Any CPU.Build.0 = Debug|Any CPU
		{8D3CA4EF-7CF3-46FD-B854-E633CD0CCD40}.Debug|x64.ActiveCfg = Debug|Any CPU
		{8D3CA4EF-7CF3-46FD-B854-E633CD0CCD40}.Debug|x64.Build.0 = Debug|Any CPU
		{8D3CA4EF-7CF3-46FD-B854-E633CD0CCD40}.Release|Any CPU.ActiveCfg = Release|Any CPU
		{8D3CA4EF-7CF3-46FD-B854-E633CD0CCD40}.Release|Any CPU.Build.0 = Release|Any CPU
		{8D3CA4EF-7CF3-46FD-B854-E633CD0CCD40}.Release|x64.ActiveCfg = Release|Any CPU
		{8D3CA4EF-7CF3-46FD-B854-E633CD0CCD40}.Release|x64.Build.0 = Release|Any CPU
		{969DA885-A401-424E-8A70-4F75648F13F1}.Debug|Any CPU.ActiveCfg = Debug|Any CPU
		{969DA885-A401-424E-8A70-4F75648F13F1}.Debug|Any CPU.Build.0 = Debug|Any CPU
		{969DA885-A401-424E-8A70-4F75648F13F1}.Debug|x64.ActiveCfg = Debug|Any CPU
		{969DA885-A401-424E-8A70-4F75648F13F1}.Debug|x64.Build.0 = Debug|Any CPU
		{969DA885-A401-424E-8A70-4F75648F13F1}.Release|Any CPU.ActiveCfg = Release|Any CPU
		{969DA885-A401-424E-8A70-4F75648F13F1}.Release|Any CPU.Build.0 = Release|Any CPU
		{969DA885-A401-424E-8A70-4F75648F13F1}.Release|x64.ActiveCfg = Release|Any CPU
		{969DA885-A401-424E-8A70-4F75648F13F1}.Release|x64.Build.0 = Release|Any CPU
		{32BC0A2A-666F-4C31-9EAC-1A97758B6558}.Debug|Any CPU.ActiveCfg = Debug|Any CPU
		{32BC0A2A-666F-4C31-9EAC-1A97758B6558}.Debug|Any CPU.Build.0 = Debug|Any CPU
		{32BC0A2A-666F-4C31-9EAC-1A97758B6558}.Debug|x64.ActiveCfg = Debug|Any CPU
		{32BC0A2A-666F-4C31-9EAC-1A97758B6558}.Debug|x64.Build.0 = Debug|Any CPU
		{32BC0A2A-666F-4C31-9EAC-1A97758B6558}.Release|Any CPU.ActiveCfg = Release|Any CPU
		{32BC0A2A-666F-4C31-9EAC-1A97758B6558}.Release|Any CPU.Build.0 = Release|Any CPU
		{32BC0A2A-666F-4C31-9EAC-1A97758B6558}.Release|x64.ActiveCfg = Release|Any CPU
		{32BC0A2A-666F-4C31-9EAC-1A97758B6558}.Release|x64.Build.0 = Release|Any CPU
		{6994C7F9-D62B-443F-AF16-502764EC9112}.Debug|Any CPU.ActiveCfg = Debug|Any CPU
		{6994C7F9-D62B-443F-AF16-502764EC9112}.Debug|Any CPU.Build.0 = Debug|Any CPU
		{6994C7F9-D62B-443F-AF16-502764EC9112}.Debug|x64.ActiveCfg = Debug|Any CPU
		{6994C7F9-D62B-443F-AF16-502764EC9112}.Debug|x64.Build.0 = Debug|Any CPU
		{6994C7F9-D62B-443F-AF16-502764EC9112}.Release|Any CPU.ActiveCfg = Release|Any CPU
		{6994C7F9-D62B-443F-AF16-502764EC9112}.Release|Any CPU.Build.0 = Release|Any CPU
		{6994C7F9-D62B-443F-AF16-502764EC9112}.Release|x64.ActiveCfg = Release|Any CPU
		{6994C7F9-D62B-443F-AF16-502764EC9112}.Release|x64.Build.0 = Release|Any CPU
		{86692A26-A05C-4E85-B90D-F41346F463C3}.Debug|Any CPU.ActiveCfg = Debug|Any CPU
		{86692A26-A05C-4E85-B90D-F41346F463C3}.Debug|Any CPU.Build.0 = Debug|Any CPU
		{86692A26-A05C-4E85-B90D-F41346F463C3}.Debug|x64.ActiveCfg = Debug|Any CPU
		{86692A26-A05C-4E85-B90D-F41346F463C3}.Debug|x64.Build.0 = Debug|Any CPU
		{86692A26-A05C-4E85-B90D-F41346F463C3}.Release|Any CPU.ActiveCfg = Release|Any CPU
		{86692A26-A05C-4E85-B90D-F41346F463C3}.Release|Any CPU.Build.0 = Release|Any CPU
		{86692A26-A05C-4E85-B90D-F41346F463C3}.Release|x64.ActiveCfg = Release|Any CPU
		{86692A26-A05C-4E85-B90D-F41346F463C3}.Release|x64.Build.0 = Release|Any CPU
		{FA48F9DF-CB88-48BC-8594-EC496E193659}.Debug|Any CPU.ActiveCfg = Debug|x64
		{FA48F9DF-CB88-48BC-8594-EC496E193659}.Debug|Any CPU.Build.0 = Debug|x64
		{FA48F9DF-CB88-48BC-8594-EC496E193659}.Debug|x64.ActiveCfg = Debug|x64
		{FA48F9DF-CB88-48BC-8594-EC496E193659}.Debug|x64.Build.0 = Debug|x64
		{FA48F9DF-CB88-48BC-8594-EC496E193659}.Release|Any CPU.ActiveCfg = Release|Any CPU
		{FA48F9DF-CB88-48BC-8594-EC496E193659}.Release|Any CPU.Build.0 = Release|Any CPU
		{FA48F9DF-CB88-48BC-8594-EC496E193659}.Release|x64.ActiveCfg = Release|Any CPU
		{FA48F9DF-CB88-48BC-8594-EC496E193659}.Release|x64.Build.0 = Release|Any CPU
		{AA28D81F-A0AB-492F-BC66-18EBB2E0BBF9}.Debug|Any CPU.ActiveCfg = Debug|Any CPU
		{AA28D81F-A0AB-492F-BC66-18EBB2E0BBF9}.Debug|Any CPU.Build.0 = Debug|Any CPU
		{AA28D81F-A0AB-492F-BC66-18EBB2E0BBF9}.Debug|x64.ActiveCfg = Debug|Any CPU
		{AA28D81F-A0AB-492F-BC66-18EBB2E0BBF9}.Debug|x64.Build.0 = Debug|Any CPU
		{AA28D81F-A0AB-492F-BC66-18EBB2E0BBF9}.Release|Any CPU.ActiveCfg = Release|Any CPU
		{AA28D81F-A0AB-492F-BC66-18EBB2E0BBF9}.Release|Any CPU.Build.0 = Release|Any CPU
		{AA28D81F-A0AB-492F-BC66-18EBB2E0BBF9}.Release|x64.ActiveCfg = Release|Any CPU
		{AA28D81F-A0AB-492F-BC66-18EBB2E0BBF9}.Release|x64.Build.0 = Release|Any CPU
	EndGlobalSection
	GlobalSection(SolutionProperties) = preSolution
		HideSolutionNode = FALSE
	EndGlobalSection
	GlobalSection(ExtensibilityGlobals) = postSolution
		SolutionGuid = {7A47A7E7-CC2B-48CE-9D97-3629EF8AC140}
	EndGlobalSection
EndGlobal
